
Microsoft Visual Studio Solution File, Format Version 11.00
# Visual Studio 2010
Project("{FAE04EC0-301F-11D3-BF4B-00C04F79EFBC}") = "GoogleSuite", "GoogleSuite\GoogleSuite.csproj", "{38F47FE2-3785-45BE-8678-A36982A7909B}"
EndProject
Project("{FAE04EC0-301F-11D3-BF4B-00C04F79EFBC}") = "GoogleLibrary", "GoogleLibrary\GoogleLibrary.csproj", "{A7CF31DC-4BF1-462F-81D0-8E282884A081}"
EndProject
Global
	GlobalSection(SolutionConfigurationPlatforms) = preSolution
		Debug|Any CPU = Debug|Any CPU
		Release|Any CPU = Release|Any CPU
	EndGlobalSection
	GlobalSection(ProjectConfigurationPlatforms) = postSolution
		{38F47FE2-3785-45BE-8678-A36982A7909B}.Debug|Any CPU.ActiveCfg = Debug|Any CPU
		{38F47FE2-3785-45BE-8678-A36982A7909B}.Debug|Any CPU.Build.0 = Debug|Any CPU
		{38F47FE2-3785-45BE-8678-A36982A7909B}.Release|Any CPU.ActiveCfg = Release|Any CPU
		{38F47FE2-3785-45BE-8678-A36982A7909B}.Release|Any CPU.Build.0 = Release|Any CPU
		{A7CF31DC-4BF1-462F-81D0-8E282884A081}.Debug|Any CPU.ActiveCfg = Debug|Any CPU
		{A7CF31DC-4BF1-462F-81D0-8E282884A081}.Debug|Any CPU.Build.0 = Debug|Any CPU
		{A7CF31DC-4BF1-462F-81D0-8E282884A081}.Release|Any CPU.ActiveCfg = Release|Any CPU
		{A7CF31DC-4BF1-462F-81D0-8E282884A081}.Release|Any CPU.Build.0 = Release|Any CPU
	EndGlobalSection
	GlobalSection(SolutionProperties) = preSolution
		HideSolutionNode = FALSE
	EndGlobalSection
EndGlobal
